
Microsoft Visual Studio Solution File, Format Version 12.00
# Visual Studio 2013
VisualStudioVersion = 12.0.30110.0
MinimumVisualStudioVersion = 10.0.40219.1
Project("{FAE04EC0-301F-11D3-BF4B-00C04F79EFBC}") = "F1Telemetry", "F1Telemetry\F1Telemetry.csproj", "{7945DBC1-AC1B-48E2-99B1-9D55E87B2E85}"
EndProject
Global
	GlobalSection(SolutionConfigurationPlatforms) = preSolution
		CD_ROM|Any CPU = CD_ROM|Any CPU
		Debug|Any CPU = Debug|Any CPU
		DVD-5|Any CPU = DVD-5|Any CPU
		Release|Any CPU = Release|Any CPU
		SingleImage|Any CPU = SingleImage|Any CPU
	EndGlobalSection
	GlobalSection(ProjectConfigurationPlatforms) = postSolution
		{7945DBC1-AC1B-48E2-99B1-9D55E87B2E85}.CD_ROM|Any CPU.ActiveCfg = Release|Any CPU
		{7945DBC1-AC1B-48E2-99B1-9D55E87B2E85}.CD_ROM|Any CPU.Build.0 = Release|Any CPU
		{7945DBC1-AC1B-48E2-99B1-9D55E87B2E85}.Debug|Any CPU.ActiveCfg = Debug|Any CPU
		{7945DBC1-AC1B-48E2-99B1-9D55E87B2E85}.Debug|Any CPU.Build.0 = Debug|Any CPU
		{7945DBC1-AC1B-48E2-99B1-9D55E87B2E85}.DVD-5|Any CPU.ActiveCfg = Debug|Any CPU
		{7945DBC1-AC1B-48E2-99B1-9D55E87B2E85}.DVD-5|Any CPU.Build.0 = Debug|Any CPU
		{7945DBC1-AC1B-48E2-99B1-9D55E87B2E85}.Release|Any CPU.ActiveCfg = Release|Any CPU
		{7945DBC1-AC1B-48E2-99B1-9D55E87B2E85}.Release|Any CPU.Build.0 = Release|Any CPU
		{7945DBC1-AC1B-48E2-99B1-9D55E87B2E85}.SingleImage|Any CPU.ActiveCfg = Release|Any CPU
		{7945DBC1-AC1B-48E2-99B1-9D55E87B2E85}.SingleImage|Any CPU.Build.0 = Release|Any CPU
	EndGlobalSection
	GlobalSection(SolutionProperties) = preSolution
		HideSolutionNode = FALSE
	EndGlobalSection
EndGlobal
